
Microsoft Visual Studio Solution File, Format Version 12.00
# Visual Studio 15
VisualStudioVersion = 15.0.27004.2002
MinimumVisualStudioVersion = 10.0.40219.1
Project("{FAE04EC0-301F-11D3-BF4B-00C04F79EFBC}") = "odataapidemo1", "odataapidemo1\odataapidemo1.csproj", "{73EAF6B9-3E4E-491A-9592-5BB88BBBE60D}"
EndProject
Global
	GlobalSection(SolutionConfigurationPlatforms) = preSolution
		Debug|Any CPU = Debug|Any CPU
		Release|Any CPU = Release|Any CPU
	EndGlobalSection
	GlobalSection(ProjectConfigurationPlatforms) = postSolution
		{73EAF6B9-3E4E-491A-9592-5BB88BBBE60D}.Debug|Any CPU.ActiveCfg = Debug|Any CPU
		{73EAF6B9-3E4E-491A-9592-5BB88BBBE60D}.Debug|Any CPU.Build.0 = Debug|Any CPU
		{73EAF6B9-3E4E-491A-9592-5BB88BBBE60D}.Release|Any CPU.ActiveCfg = Release|Any CPU
		{73EAF6B9-3E4E-491A-9592-5BB88BBBE60D}.Release|Any CPU.Build.0 = Release|Any CPU
	EndGlobalSection
	GlobalSection(SolutionProperties) = preSolution
		HideSolutionNode = FALSE
	EndGlobalSection
	GlobalSection(ExtensibilityGlobals) = postSolution
		SolutionGuid = {1950EE7A-F5B9-4458-8089-849C41B0ED43}
	EndGlobalSection
EndGlobal
